
Microsoft Visual Studio Solution File, Format Version 12.00
# Visual Studio Version 16
VisualStudioVersion = 16.0.30804.86
MinimumVisualStudioVersion = 10.0.40219.1
Project("{FAE04EC0-301F-11D3-BF4B-00C04F79EFBC}") = "Estudo", "Estudo\Estudo.csproj", "{68460C59-A86D-40D1-90A1-0AFEF256BC23}"
EndProject
Global
	GlobalSection(SolutionConfigurationPlatforms) = preSolution
		Debug|Any CPU = Debug|Any CPU
		Release|Any CPU = Release|Any CPU
	EndGlobalSection
	GlobalSection(ProjectConfigurationPlatforms) = postSolution
		{68460C59-A86D-40D1-90A1-0AFEF256BC23}.Debug|Any CPU.ActiveCfg = Debug|Any CPU
		{68460C59-A86D-40D1-90A1-0AFEF256BC23}.Debug|Any CPU.Build.0 = Debug|Any CPU
		{68460C59-A86D-40D1-90A1-0AFEF256BC23}.Release|Any CPU.ActiveCfg = Release|Any CPU
		{68460C59-A86D-40D1-90A1-0AFEF256BC23}.Release|Any CPU.Build.0 = Release|Any CPU
	EndGlobalSection
	GlobalSection(SolutionProperties) = preSolution
		HideSolutionNode = FALSE
	EndGlobalSection
	GlobalSection(ExtensibilityGlobals) = postSolution
		SolutionGuid = {1F7AD1C3-A232-4A75-82A5-4572ADD99CC8}
	EndGlobalSection
EndGlobal
